
Microsoft Visual Studio Solution File, Format Version 12.00
# Visual Studio Version 17
VisualStudioVersion = 17.10.34916.146
MinimumVisualStudioVersion = 10.0.40219.1
Project("{9A19103F-16F7-4668-BE54-9A1E7A4F7556}") = "Ecommerce", "Ecommerce\Ecommerce.csproj", "{DFC63571-F1F3-46ED-893D-41B76D3EC782}"
EndProject
Project("{FAE04EC0-301F-11D3-BF4B-00C04F79EFBC}") = "Infrastructure", "Infrastructure\Infrastructure.csproj", "{05B0094E-F1E9-4FA3-B8B5-50A2B30334FB}"
EndProject
Project("{FAE04EC0-301F-11D3-BF4B-00C04F79EFBC}") = "Core", "Core\Core.csproj", "{9365D8AA-A571-4FED-A8FE-0B4E04D9D81C}"
EndProject
Global
	GlobalSection(SolutionConfigurationPlatforms) = preSolution
		Debug|Any CPU = Debug|Any CPU
		Release|Any CPU = Release|Any CPU
	EndGlobalSection
	GlobalSection(ProjectConfigurationPlatforms) = postSolution
		{DFC63571-F1F3-46ED-893D-41B76D3EC782}.Debug|Any CPU.ActiveCfg = Debug|Any CPU
		{DFC63571-F1F3-46ED-893D-41B76D3EC782}.Debug|Any CPU.Build.0 = Debug|Any CPU
		{DFC63571-F1F3-46ED-893D-41B76D3EC782}.Release|Any CPU.ActiveCfg = Release|Any CPU
		{DFC63571-F1F3-46ED-893D-41B76D3EC782}.Release|Any CPU.Build.0 = Release|Any CPU
		{05B0094E-F1E9-4FA3-B8B5-50A2B30334FB}.Debug|Any CPU.ActiveCfg = Debug|Any CPU
		{05B0094E-F1E9-4FA3-B8B5-50A2B30334FB}.Debug|Any CPU.Build.0 = Debug|Any CPU
		{05B0094E-F1E9-4FA3-B8B5-50A2B30334FB}.Release|Any CPU.ActiveCfg = Release|Any CPU
		{05B0094E-F1E9-4FA3-B8B5-50A2B30334FB}.Release|Any CPU.Build.0 = Release|Any CPU
		{9365D8AA-A571-4FED-A8FE-0B4E04D9D81C}.Debug|Any CPU.ActiveCfg = Debug|Any CPU
		{9365D8AA-A571-4FED-A8FE-0B4E04D9D81C}.Debug|Any CPU.Build.0 = Debug|Any CPU
		{9365D8AA-A571-4FED-A8FE-0B4E04D9D81C}.Release|Any CPU.ActiveCfg = Release|Any CPU
		{9365D8AA-A571-4FED-A8FE-0B4E04D9D81C}.Release|Any CPU.Build.0 = Release|Any CPU
	EndGlobalSection
	GlobalSection(SolutionProperties) = preSolution
		HideSolutionNode = FALSE
	EndGlobalSection
	GlobalSection(ExtensibilityGlobals) = postSolution
		SolutionGuid = {DF07882A-2B8F-4A06-81D6-374197E01E4F}
	EndGlobalSection
EndGlobal
